
Microsoft Visual Studio Solution File, Format Version 12.00
# Visual Studio 15
VisualStudioVersion = 15.0.26730.12
MinimumVisualStudioVersion = 10.0.40219.1
Project("{FAE04EC0-301F-11D3-BF4B-00C04F79EFBC}") = "Lab03_CrashoMatic_kieranfraser", "Lab03_CrashoMatic_kieranfraser\Lab03_CrashoMatic_kieranfraser.csproj", "{A1275D55-3370-4B42-B523-1FBD20C100E6}"
EndProject
Global
	GlobalSection(SolutionConfigurationPlatforms) = preSolution
		Debug|Any CPU = Debug|Any CPU
		Release|Any CPU = Release|Any CPU
	EndGlobalSection
	GlobalSection(ProjectConfigurationPlatforms) = postSolution
		{A1275D55-3370-4B42-B523-1FBD20C100E6}.Debug|Any CPU.ActiveCfg = Debug|Any CPU
		{A1275D55-3370-4B42-B523-1FBD20C100E6}.Debug|Any CPU.Build.0 = Debug|Any CPU
		{A1275D55-3370-4B42-B523-1FBD20C100E6}.Release|Any CPU.ActiveCfg = Release|Any CPU
		{A1275D55-3370-4B42-B523-1FBD20C100E6}.Release|Any CPU.Build.0 = Release|Any CPU
	EndGlobalSection
	GlobalSection(SolutionProperties) = preSolution
		HideSolutionNode = FALSE
	EndGlobalSection
	GlobalSection(ExtensibilityGlobals) = postSolution
		SolutionGuid = {900B7DDE-786A-4624-92E7-494C507503FC}
	EndGlobalSection
EndGlobal
